{
  "nodes": {
    "flake-utils": {
      "inputs": {
        "systems": "systems"
      },
      "locked": {
        "lastModified": 1731533236,
        "narHash": "sha256-l0KFg5HjrsfsO/JpG+r7fRrqm12kzFHyUHqHCVpMMbI=",
        "owner": "numtide",
        "repo": "flake-utils",
        "rev": "11707dc2f618dd54ca8739b309ec4fc024de578b",
        "type": "github"
      },
      "original": {
        "owner": "numtide",
        "repo": "flake-utils",
        "type": "github"
      }
    },
    "imds-broker-src": {
      "flake": false,
      "locked": {
        "lastModified": 1776437426,
        "narHash": "sha256-EPEw4XXY02m+8zIXLZhqGjFV5Hc79YGKXUdrnOgnBLo=",
        "owner": "jamestelfer",
        "repo": "imds-broker",
        "rev": "79eb22458d696837ceb3984b6c7ddb0be9614dcf",
        "type": "github"
      },
      "original": {
        "owner": "jamestelfer",
        "ref": "v0.3.0",
        "repo": "imds-broker",
        "type": "github"
      }
    },
    "nixpkgs": {
      "locked": {
        "lastModified": 1777797109,
        "narHash": "sha256-jlV1QvTRmA2k7RRD4PGQkFvrpqYeEfWffVtByZP6IeE=",
        "owner": "NixOS",
        "repo": "nixpkgs",
        "rev": "90c100cb48d61a0316b9479bb03f1be36d34b92a",
        "type": "github"
      },
      "original": {
        "owner": "NixOS",
        "ref": "nixpkgs-unstable",
        "repo": "nixpkgs",
        "type": "github"
      }
    },
    "root": {
      "inputs": {
        "flake-utils": "flake-utils",
        "imds-broker-src": "imds-broker-src",
        "nixpkgs": "nixpkgs",
        "sandy-src": "sandy-src"
      }
    },
    "sandy-src": {
      "flake": false,
      "locked": {
        "lastModified": 1777517653,
        "narHash": "sha256-IfoNmqo2NI7PqigugWiRmiWBYwVlNSIJZT2Px7vhf7U=",
        "owner": "jamestelfer",
        "repo": "sandy",
        "rev": "fb2e4d70871662e2403ccc6c094abea4194b09d2",
        "type": "github"
      },
      "original": {
        "owner": "jamestelfer",
        "ref": "v0.5.0",
        "repo": "sandy",
        "type": "github"
      }
    },
    "systems": {
      "locked": {
        "lastModified": 1681028828,
        "narHash": "sha256-Vy1rq5AaRuLzOxct8nz4T6wlgyUR7zLU309k9mBC768=",
        "owner": "nix-systems",
        "repo": "default",
        "rev": "da67096a3b9bf56a91d16901293e51ba5b49a27e",
        "type": "github"
      },
      "original": {
        "owner": "nix-systems",
        "repo": "default",
        "type": "github"
      }
    }
  },
  "root": "root",
  "version": 7
}
